
Microsoft Visual Studio Solution File, Format Version 12.00
# Visual Studio Version 17
VisualStudioVersion = 17.0.31912.275
MinimumVisualStudioVersion = 10.0.40219.1
Project("{FAE04EC0-301F-11D3-BF4B-00C04F79EFBC}") = "StarShip", "StarShip\StarShip.csproj", "{38CE5486-A240-49EE-B1E8-5406EAE86434}"
EndProject
Project("{FAE04EC0-301F-11D3-BF4B-00C04F79EFBC}") = "Domain", "Domain\Domain.csproj", "{AA7BC92A-FF41-4DBD-9FC3-BACD83B7A235}"
EndProject
Global
	GlobalSection(SolutionConfigurationPlatforms) = preSolution
		Debug|Any CPU = Debug|Any CPU
		Release|Any CPU = Release|Any CPU
	EndGlobalSection
	GlobalSection(ProjectConfigurationPlatforms) = postSolution
		{38CE5486-A240-49EE-B1E8-5406EAE86434}.Debug|Any CPU.ActiveCfg = Debug|Any CPU
		{38CE5486-A240-49EE-B1E8-5406EAE86434}.Debug|Any CPU.Build.0 = Debug|Any CPU
		{38CE5486-A240-49EE-B1E8-5406EAE86434}.Release|Any CPU.ActiveCfg = Release|Any CPU
		{38CE5486-A240-49EE-B1E8-5406EAE86434}.Release|Any CPU.Build.0 = Release|Any CPU
		{AA7BC92A-FF41-4DBD-9FC3-BACD83B7A235}.Debug|Any CPU.ActiveCfg = Debug|Any CPU
		{AA7BC92A-FF41-4DBD-9FC3-BACD83B7A235}.Debug|Any CPU.Build.0 = Debug|Any CPU
		{AA7BC92A-FF41-4DBD-9FC3-BACD83B7A235}.Release|Any CPU.ActiveCfg = Release|Any CPU
		{AA7BC92A-FF41-4DBD-9FC3-BACD83B7A235}.Release|Any CPU.Build.0 = Release|Any CPU
	EndGlobalSection
	GlobalSection(SolutionProperties) = preSolution
		HideSolutionNode = FALSE
	EndGlobalSection
	GlobalSection(ExtensibilityGlobals) = postSolution
		SolutionGuid = {157656A2-223D-42A3-9246-524783FAD543}
	EndGlobalSection
EndGlobal
